{
  "version": 4,
  "terraform_version": "1.6.4",
  "serial": 50,
  "lineage": "8071bee3-19da-4354-f867-b379a3ac45c4",
  "outputs": {
    "public_ip_address": {
      "value": "20.8.100.0",
      "type": "string"
    }
  },
  "resources": [
    {
      "module": "module.blob",
      "mode": "managed",
      "type": "azurerm_storage_account",
      "name": "my_storage_account",
      "provider": "provider[\"registry.terraform.io/hashicorp/azurerm\"]",
      "instances": [
        {
          "schema_version": 2,
          "attributes": {
            "access_tier": "Hot",
            "account_kind": "StorageV2",
            "account_replication_type": "LRS",
            "account_tier": "Standard",
            "allow_blob_public_access": false,
            "azure_files_authentication": [],
            "blob_properties": [
              {
                "change_feed_enabled": false,
                "container_delete_retention_policy": [],
                "cors_rule": [],
                "default_service_version": "",
                "delete_retention_policy": [],
                "last_access_time_enabled": false,
                "versioning_enabled": false
              }
            ],
            "custom_domain": [],
            "customer_managed_key": [],
            "enable_https_traffic_only": true,
            "id": "/subscriptions/42586c24-ddce-4fa1-8c13-82c36f97c4ce/resourceGroups/rg/providers/Microsoft.Storage/storageAccounts/diagadb443f1049586af",
            "identity": [],
            "infrastructure_encryption_enabled": false,
            "is_hns_enabled": false,
            "large_file_share_enabled": null,
            "location": "westeurope",
            "min_tls_version": "TLS1_0",
            "name": "diagadb443f1049586af",
            "network_rules": [
              {
                "bypass": [
                  "AzureServices"
                ],
                "default_action": "Allow",
                "ip_rules": [],
                "private_link_access": [],
                "virtual_network_subnet_ids": []
              }
            ],
            "nfsv3_enabled": false,
            "primary_access_key": "Au0xKB48ICp9DCNCOeS49E5r2VdGh6+/qkuT5peIa5ZSE+40xEq8AudU/Odt5kXmjKoXO3fvsETG+ASt1mSnSw==",
            "primary_blob_connection_string": "DefaultEndpointsProtocol=https;BlobEndpoint=https://diagadb443f1049586af.blob.core.windows.net/;AccountName=diagadb443f1049586af;AccountKey=Au0xKB48ICp9DCNCOeS49E5r2VdGh6+/qkuT5peIa5ZSE+40xEq8AudU/Odt5kXmjKoXO3fvsETG+ASt1mSnSw==",
            "primary_blob_endpoint": "https://diagadb443f1049586af.blob.core.windows.net/",
            "primary_blob_host": "diagadb443f1049586af.blob.core.windows.net",
            "primary_connection_string": "DefaultEndpointsProtocol=https;AccountName=diagadb443f1049586af;AccountKey=Au0xKB48ICp9DCNCOeS49E5r2VdGh6+/qkuT5peIa5ZSE+40xEq8AudU/Odt5kXmjKoXO3fvsETG+ASt1mSnSw==;EndpointSuffix=core.windows.net",
            "primary_dfs_endpoint": "https://diagadb443f1049586af.dfs.core.windows.net/",
            "primary_dfs_host": "diagadb443f1049586af.dfs.core.windows.net",
            "primary_file_endpoint": "https://diagadb443f1049586af.file.core.windows.net/",
            "primary_file_host": "diagadb443f1049586af.file.core.windows.net",
            "primary_location": "westeurope",
            "primary_queue_endpoint": "https://diagadb443f1049586af.queue.core.windows.net/",
            "primary_queue_host": "diagadb443f1049586af.queue.core.windows.net",
            "primary_table_endpoint": "https://diagadb443f1049586af.table.core.windows.net/",
            "primary_table_host": "diagadb443f1049586af.table.core.windows.net",
            "primary_web_endpoint": "https://diagadb443f1049586af.z6.web.core.windows.net/",
            "primary_web_host": "diagadb443f1049586af.z6.web.core.windows.net",
            "queue_encryption_key_type": "Service",
            "queue_properties": [
              {
                "cors_rule": [],
                "hour_metrics": [
                  {
                    "enabled": true,
                    "include_apis": true,
                    "retention_policy_days": 7,
                    "version": "1.0"
                  }
                ],
                "logging": [
                  {
                    "delete": false,
                    "read": false,
                    "retention_policy_days": 0,
                    "version": "1.0",
                    "write": false
                  }
                ],
                "minute_metrics": [
                  {
                    "enabled": false,
                    "include_apis": false,
                    "retention_policy_days": 0,
                    "version": "1.0"
                  }
                ]
              }
            ],
            "resource_group_name": "rg",
            "routing": [],
            "secondary_access_key": "uGSWf6/69diYoSLTwVgcqiMsCyPNc711VHrWsgzgJClKY5HSlkLUGM8ZDub/W/3FD4DEWvM/RYPm+AStWKPCZQ==",
            "secondary_blob_connection_string": "",
            "secondary_blob_endpoint": null,
            "secondary_blob_host": null,
            "secondary_connection_string": "DefaultEndpointsProtocol=https;AccountName=diagadb443f1049586af;AccountKey=uGSWf6/69diYoSLTwVgcqiMsCyPNc711VHrWsgzgJClKY5HSlkLUGM8ZDub/W/3FD4DEWvM/RYPm+AStWKPCZQ==;EndpointSuffix=core.windows.net",
            "secondary_dfs_endpoint": null,
            "secondary_dfs_host": null,
            "secondary_file_endpoint": null,
            "secondary_file_host": null,
            "secondary_location": "",
            "secondary_queue_endpoint": null,
            "secondary_queue_host": null,
            "secondary_table_endpoint": null,
            "secondary_table_host": null,
            "secondary_web_endpoint": null,
            "secondary_web_host": null,
            "share_properties": [
              {
                "cors_rule": [],
                "retention_policy": [
                  {
                    "days": 7
                  }
                ],
                "smb": []
              }
            ],
            "shared_access_key_enabled": true,
            "static_website": [],
            "table_encryption_key_type": "Service",
            "tags": {},
            "timeouts": null
          },
          "sensitive_attributes": [],
          "private": "eyJlMmJmYjczMC1lY2FhLTExZTYtOGY4OC0zNDM2M2JjN2M0YzAiOnsiY3JlYXRlIjozNjAwMDAwMDAwMDAwLCJkZWxldGUiOjM2MDAwMDAwMDAwMDAsInJlYWQiOjMwMDAwMDAwMDAwMCwidXBkYXRlIjozNjAwMDAwMDAwMDAwfSwic2NoZW1hX3ZlcnNpb24iOiIyIn0=",
          "dependencies": [
            "module.blob.random_id.random_id",
            "module.rg_module.azurerm_resource_group.rg"
          ]
        }
      ]
    },
    {
      "module": "module.blob",
      "mode": "managed",
      "type": "random_id",
      "name": "random_id",
      "provider": "provider[\"registry.terraform.io/hashicorp/random\"]",
      "instances": [
        {
          "schema_version": 0,
          "attributes": {
            "b64_std": "rbRD8QSVhq8=",
            "b64_url": "rbRD8QSVhq8",
            "byte_length": 8,
            "dec": "12516703966812538543",
            "hex": "adb443f1049586af",
            "id": "rbRD8QSVhq8",
            "keepers": {
              "resource_group_name": "rg"
            },
            "prefix": null
          },
          "sensitive_attributes": [],
          "dependencies": [
            "module.rg_module.azurerm_resource_group.rg"
          ]
        }
      ]
    },
    {
      "module": "module.myvm",
      "mode": "managed",
      "type": "azurerm_linux_virtual_machine",
      "name": "vm",
      "provider": "provider[\"registry.terraform.io/hashicorp/azurerm\"]",
      "instances": [
        {
          "schema_version": 0,
          "attributes": {
            "additional_capabilities": [],
            "admin_password": "Passwd12345#",
            "admin_ssh_key": [],
            "admin_username": "adminuser",
            "allow_extension_operations": true,
            "availability_set_id": "",
            "boot_diagnostics": [],
            "computer_name": "myvm",
            "custom_data": null,
            "dedicated_host_group_id": "",
            "dedicated_host_id": "",
            "disable_password_authentication": false,
            "encryption_at_host_enabled": false,
            "eviction_policy": "",
            "extensions_time_budget": "PT1H30M",
            "id": "/subscriptions/42586c24-ddce-4fa1-8c13-82c36f97c4ce/resourceGroups/rg/providers/Microsoft.Compute/virtualMachines/myvm",
            "identity": [],
            "license_type": "",
            "location": "westeurope",
            "max_bid_price": -1,
            "name": "myvm",
            "network_interface_ids": [
              "/subscriptions/42586c24-ddce-4fa1-8c13-82c36f97c4ce/resourceGroups/rg/providers/Microsoft.Network/networkInterfaces/mynic"
            ],
            "os_disk": [
              {
                "caching": "ReadWrite",
                "diff_disk_settings": [],
                "disk_encryption_set_id": "",
                "disk_size_gb": 30,
                "name": "myOsDisk",
                "storage_account_type": "Premium_LRS",
                "write_accelerator_enabled": false
              }
            ],
            "patch_mode": "ImageDefault",
            "plan": [],
            "platform_fault_domain": -1,
            "priority": "Regular",
            "private_ip_address": "10.0.0.4",
            "private_ip_addresses": [
              "10.0.0.4"
            ],
            "provision_vm_agent": true,
            "proximity_placement_group_id": "",
            "public_ip_address": "20.8.100.0",
            "public_ip_addresses": [
              "20.8.100.0"
            ],
            "resource_group_name": "rg",
            "secret": [],
            "secure_boot_enabled": false,
            "size": "Standard_DS1_v2",
            "source_image_id": "",
            "source_image_reference": [
              {
                "offer": "0001-com-ubuntu-server-jammy",
                "publisher": "Canonical",
                "sku": "22_04-lts-gen2",
                "version": "latest"
              }
            ],
            "tags": {},
            "timeouts": null,
            "user_data": "",
            "virtual_machine_id": "aa3a2876-aafb-4240-825f-2829d0b19f24",
            "virtual_machine_scale_set_id": "",
            "vtpm_enabled": false,
            "zone": ""
          },
          "sensitive_attributes": [],
          "private": "eyJlMmJmYjczMC1lY2FhLTExZTYtOGY4OC0zNDM2M2JjN2M0YzAiOnsiY3JlYXRlIjoyNzAwMDAwMDAwMDAwLCJkZWxldGUiOjI3MDAwMDAwMDAwMDAsInJlYWQiOjMwMDAwMDAwMDAwMCwidXBkYXRlIjoyNzAwMDAwMDAwMDAwfX0=",
          "dependencies": [
            "module.myvm.azurerm_network_interface.my_nic",
            "module.myvm.azurerm_public_ip.public_ip",
            "module.rg_module.azurerm_resource_group.rg",
            "module.vnet.azurerm_subnet.subnet",
            "module.vnet.azurerm_virtual_network.vnet"
          ]
        }
      ]
    },
    {
      "module": "module.myvm",
      "mode": "managed",
      "type": "azurerm_network_interface",
      "name": "my_nic",
      "provider": "provider[\"registry.terraform.io/hashicorp/azurerm\"]",
      "instances": [
        {
          "schema_version": 0,
          "attributes": {
            "applied_dns_servers": [],
            "dns_servers": [],
            "enable_accelerated_networking": false,
            "enable_ip_forwarding": false,
            "id": "/subscriptions/42586c24-ddce-4fa1-8c13-82c36f97c4ce/resourceGroups/rg/providers/Microsoft.Network/networkInterfaces/mynic",
            "internal_dns_name_label": "",
            "internal_domain_name_suffix": "sybcfdgvxqeu1ltjtcpmciip0d.ax.internal.cloudapp.net",
            "ip_configuration": [
              {
                "gateway_load_balancer_frontend_ip_configuration_id": "",
                "name": "my_nic_configuration",
                "primary": true,
                "private_ip_address": "10.0.0.4",
                "private_ip_address_allocation": "Dynamic",
                "private_ip_address_version": "IPv4",
                "public_ip_address_id": "/subscriptions/42586c24-ddce-4fa1-8c13-82c36f97c4ce/resourceGroups/rg/providers/Microsoft.Network/publicIPAddresses/public_ip",
                "subnet_id": "/subscriptions/42586c24-ddce-4fa1-8c13-82c36f97c4ce/resourceGroups/rg/providers/Microsoft.Network/virtualNetworks/new-vnet/subnets/subnet01"
              }
            ],
            "location": "westeurope",
            "mac_address": "00-0D-3A-27-54-A2",
            "name": "mynic",
            "private_ip_address": "10.0.0.4",
            "private_ip_addresses": [
              "10.0.0.4"
            ],
            "resource_group_name": "rg",
            "tags": {},
            "timeouts": null,
            "virtual_machine_id": "/subscriptions/42586c24-ddce-4fa1-8c13-82c36f97c4ce/resourceGroups/rg/providers/Microsoft.Compute/virtualMachines/myvm"
          },
          "sensitive_attributes": [],
          "private": "eyJlMmJmYjczMC1lY2FhLTExZTYtOGY4OC0zNDM2M2JjN2M0YzAiOnsiY3JlYXRlIjoxODAwMDAwMDAwMDAwLCJkZWxldGUiOjE4MDAwMDAwMDAwMDAsInJlYWQiOjMwMDAwMDAwMDAwMCwidXBkYXRlIjoxODAwMDAwMDAwMDAwfX0=",
          "dependencies": [
            "module.myvm.azurerm_public_ip.public_ip",
            "module.rg_module.azurerm_resource_group.rg",
            "module.vnet.azurerm_subnet.subnet",
            "module.vnet.azurerm_virtual_network.vnet"
          ]
        }
      ]
    },
    {
      "module": "module.myvm",
      "mode": "managed",
      "type": "azurerm_network_interface_security_group_association",
      "name": "example",
      "provider": "provider[\"registry.terraform.io/hashicorp/azurerm\"]",
      "instances": [
        {
          "schema_version": 0,
          "attributes": {
            "id": "/subscriptions/42586c24-ddce-4fa1-8c13-82c36f97c4ce/resourceGroups/rg/providers/Microsoft.Network/networkInterfaces/mynic|/subscriptions/42586c24-ddce-4fa1-8c13-82c36f97c4ce/resourceGroups/rg/providers/Microsoft.Network/networkSecurityGroups/mysecurity",
            "network_interface_id": "/subscriptions/42586c24-ddce-4fa1-8c13-82c36f97c4ce/resourceGroups/rg/providers/Microsoft.Network/networkInterfaces/mynic",
            "network_security_group_id": "/subscriptions/42586c24-ddce-4fa1-8c13-82c36f97c4ce/resourceGroups/rg/providers/Microsoft.Network/networkSecurityGroups/mysecurity",
            "timeouts": null
          },
          "sensitive_attributes": [],
          "private": "eyJlMmJmYjczMC1lY2FhLTExZTYtOGY4OC0zNDM2M2JjN2M0YzAiOnsiY3JlYXRlIjoxODAwMDAwMDAwMDAwLCJkZWxldGUiOjE4MDAwMDAwMDAwMDAsInJlYWQiOjMwMDAwMDAwMDAwMCwidXBkYXRlIjoxODAwMDAwMDAwMDAwfX0=",
          "dependencies": [
            "module.myvm.azurerm_network_interface.my_nic",
            "module.myvm.azurerm_public_ip.public_ip",
            "module.rg_module.azurerm_resource_group.rg",
            "module.security.azurerm_network_security_group.network_sg",
            "module.vnet.azurerm_subnet.subnet",
            "module.vnet.azurerm_virtual_network.vnet"
          ]
        }
      ]
    },
    {
      "module": "module.myvm",
      "mode": "managed",
      "type": "azurerm_public_ip",
      "name": "public_ip",
      "provider": "provider[\"registry.terraform.io/hashicorp/azurerm\"]",
      "instances": [
        {
          "schema_version": 0,
          "attributes": {
            "allocation_method": "Dynamic",
            "availability_zone": "No-Zone",
            "domain_name_label": null,
            "fqdn": null,
            "id": "/subscriptions/42586c24-ddce-4fa1-8c13-82c36f97c4ce/resourceGroups/rg/providers/Microsoft.Network/publicIPAddresses/public_ip",
            "idle_timeout_in_minutes": 4,
            "ip_address": "20.8.100.0",
            "ip_tags": {},
            "ip_version": "IPv4",
            "location": "westeurope",
            "name": "public_ip",
            "public_ip_prefix_id": null,
            "resource_group_name": "rg",
            "reverse_fqdn": null,
            "sku": "Basic",
            "sku_tier": "Regional",
            "tags": {},
            "timeouts": null,
            "zones": []
          },
          "sensitive_attributes": [],
          "private": "eyJlMmJmYjczMC1lY2FhLTExZTYtOGY4OC0zNDM2M2JjN2M0YzAiOnsiY3JlYXRlIjoxODAwMDAwMDAwMDAwLCJkZWxldGUiOjE4MDAwMDAwMDAwMDAsInJlYWQiOjMwMDAwMDAwMDAwMCwidXBkYXRlIjoxODAwMDAwMDAwMDAwfX0=",
          "dependencies": [
            "module.rg_module.azurerm_resource_group.rg"
          ]
        }
      ]
    },
    {
      "module": "module.myvm",
      "mode": "managed",
      "type": "null_resource",
      "name": "store_public_ip",
      "provider": "provider[\"registry.terraform.io/hashicorp/null\"]",
      "instances": [
        {
          "schema_version": 0,
          "attributes": {
            "id": "8936559159128589615",
            "triggers": null
          },
          "sensitive_attributes": [],
          "dependencies": [
            "module.myvm.azurerm_linux_virtual_machine.vm",
            "module.myvm.azurerm_network_interface.my_nic",
            "module.myvm.azurerm_public_ip.public_ip",
            "module.rg_module.azurerm_resource_group.rg",
            "module.vnet.azurerm_subnet.subnet",
            "module.vnet.azurerm_virtual_network.vnet"
          ]
        }
      ]
    },
    {
      "module": "module.rg_module",
      "mode": "managed",
      "type": "azurerm_resource_group",
      "name": "rg",
      "provider": "provider[\"registry.terraform.io/hashicorp/azurerm\"]",
      "instances": [
        {
          "schema_version": 0,
          "attributes": {
            "id": "/subscriptions/42586c24-ddce-4fa1-8c13-82c36f97c4ce/resourceGroups/rg",
            "location": "westeurope",
            "name": "rg",
            "tags": {},
            "timeouts": null
          },
          "sensitive_attributes": [],
          "private": "eyJlMmJmYjczMC1lY2FhLTExZTYtOGY4OC0zNDM2M2JjN2M0YzAiOnsiY3JlYXRlIjo1NDAwMDAwMDAwMDAwLCJkZWxldGUiOjU0MDAwMDAwMDAwMDAsInJlYWQiOjMwMDAwMDAwMDAwMCwidXBkYXRlIjo1NDAwMDAwMDAwMDAwfX0="
        }
      ]
    },
    {
      "module": "module.security",
      "mode": "managed",
      "type": "azurerm_network_security_group",
      "name": "network_sg",
      "provider": "provider[\"registry.terraform.io/hashicorp/azurerm\"]",
      "instances": [
        {
          "schema_version": 0,
          "attributes": {
            "id": "/subscriptions/42586c24-ddce-4fa1-8c13-82c36f97c4ce/resourceGroups/rg/providers/Microsoft.Network/networkSecurityGroups/mysecurity",
            "location": "westeurope",
            "name": "mysecurity",
            "resource_group_name": "rg",
            "security_rule": [
              {
                "access": "Allow",
                "description": "",
                "destination_address_prefix": "*",
                "destination_address_prefixes": [],
                "destination_application_security_group_ids": [],
                "destination_port_range": "22",
                "destination_port_ranges": [],
                "direction": "Inbound",
                "name": "SSH",
                "priority": 1001,
                "protocol": "Tcp",
                "source_address_prefix": "*",
                "source_address_prefixes": [],
                "source_application_security_group_ids": [],
                "source_port_range": "*",
                "source_port_ranges": []
              }
            ],
            "tags": {},
            "timeouts": null
          },
          "sensitive_attributes": [],
          "private": "eyJlMmJmYjczMC1lY2FhLTExZTYtOGY4OC0zNDM2M2JjN2M0YzAiOnsiY3JlYXRlIjoxODAwMDAwMDAwMDAwLCJkZWxldGUiOjE4MDAwMDAwMDAwMDAsInJlYWQiOjMwMDAwMDAwMDAwMCwidXBkYXRlIjoxODAwMDAwMDAwMDAwfX0=",
          "dependencies": [
            "module.rg_module.azurerm_resource_group.rg",
            "module.vnet.azurerm_subnet.subnet",
            "module.vnet.azurerm_virtual_network.vnet"
          ]
        }
      ]
    },
    {
      "module": "module.vnet",
      "mode": "managed",
      "type": "azurerm_subnet",
      "name": "subnet",
      "provider": "provider[\"registry.terraform.io/hashicorp/azurerm\"]",
      "instances": [
        {
          "schema_version": 0,
          "attributes": {
            "address_prefix": "10.0.0.0/24",
            "address_prefixes": [
              "10.0.0.0/24"
            ],
            "delegation": [],
            "enforce_private_link_endpoint_network_policies": false,
            "enforce_private_link_service_network_policies": false,
            "id": "/subscriptions/42586c24-ddce-4fa1-8c13-82c36f97c4ce/resourceGroups/rg/providers/Microsoft.Network/virtualNetworks/new-vnet/subnets/subnet01",
            "name": "subnet01",
            "resource_group_name": "rg",
            "service_endpoint_policy_ids": [],
            "service_endpoints": [],
            "timeouts": null,
            "virtual_network_name": "new-vnet"
          },
          "sensitive_attributes": [],
          "private": "eyJlMmJmYjczMC1lY2FhLTExZTYtOGY4OC0zNDM2M2JjN2M0YzAiOnsiY3JlYXRlIjoxODAwMDAwMDAwMDAwLCJkZWxldGUiOjE4MDAwMDAwMDAwMDAsInJlYWQiOjMwMDAwMDAwMDAwMCwidXBkYXRlIjoxODAwMDAwMDAwMDAwfX0=",
          "dependencies": [
            "module.rg_module.azurerm_resource_group.rg",
            "module.vnet.azurerm_virtual_network.vnet"
          ]
        }
      ]
    },
    {
      "module": "module.vnet",
      "mode": "managed",
      "type": "azurerm_virtual_network",
      "name": "vnet",
      "provider": "provider[\"registry.terraform.io/hashicorp/azurerm\"]",
      "instances": [
        {
          "schema_version": 0,
          "attributes": {
            "address_space": [
              "10.0.0.0/16"
            ],
            "bgp_community": "",
            "ddos_protection_plan": [],
            "dns_servers": [],
            "flow_timeout_in_minutes": 0,
            "guid": "8c220296-bcd5-4d09-ae69-989ec1210fd3",
            "id": "/subscriptions/42586c24-ddce-4fa1-8c13-82c36f97c4ce/resourceGroups/rg/providers/Microsoft.Network/virtualNetworks/new-vnet",
            "location": "westeurope",
            "name": "new-vnet",
            "resource_group_name": "rg",
            "subnet": [
              {
                "address_prefix": "10.0.0.0/24",
                "id": "/subscriptions/42586c24-ddce-4fa1-8c13-82c36f97c4ce/resourceGroups/rg/providers/Microsoft.Network/virtualNetworks/new-vnet/subnets/subnet01",
                "name": "subnet01",
                "security_group": ""
              }
            ],
            "tags": {},
            "timeouts": null,
            "vm_protection_enabled": false
          },
          "sensitive_attributes": [],
          "private": "eyJlMmJmYjczMC1lY2FhLTExZTYtOGY4OC0zNDM2M2JjN2M0YzAiOnsiY3JlYXRlIjoxODAwMDAwMDAwMDAwLCJkZWxldGUiOjE4MDAwMDAwMDAwMDAsInJlYWQiOjMwMDAwMDAwMDAwMCwidXBkYXRlIjoxODAwMDAwMDAwMDAwfX0=",
          "dependencies": [
            "module.rg_module.azurerm_resource_group.rg"
          ]
        }
      ]
    }
  ],
  "check_results": null
}
